
Microsoft Visual Studio Solution File, Format Version 12.00
# Visual Studio Version 17
VisualStudioVersion = 17.14.36623.8 d17.14
MinimumVisualStudioVersion = 10.0.40219.1
Project("{FAE04EC0-301F-11D3-BF4B-00C04F79EFBC}") = "Exam.CORE", "Exam.CORE\Exam.CORE.csproj", "{73079FEF-5FCE-439E-B932-C587053DA770}"
EndProject
Project("{FAE04EC0-301F-11D3-BF4B-00C04F79EFBC}") = "Exam.BLL", "Exam.BLL\Exam.BLL.csproj", "{07FAD98B-42B3-4794-ADAC-353D37C2FEC4}"
EndProject
Project("{FAE04EC0-301F-11D3-BF4B-00C04F79EFBC}") = "Exam.DAL", "Exam.DAL\Exam.DAL.csproj", "{63DE9D21-A5BF-415B-AAD7-129013B915C1}"
EndProject
Project("{FAE04EC0-301F-11D3-BF4B-00C04F79EFBC}") = "Exam.API", "Exam.API\Exam.API.csproj", "{C5E88E9E-5A4D-4FC4-A7F8-911A95EA2077}"
EndProject
Project("{FAE04EC0-301F-11D3-BF4B-00C04F79EFBC}") = "Exam.WEB", "Exam.WEB\Exam.WEB.csproj", "{49837285-91E6-4512-9142-7590233B51B5}"
EndProject
Global
	GlobalSection(SolutionConfigurationPlatforms) = preSolution
		Debug|Any CPU = Debug|Any CPU
		Release|Any CPU = Release|Any CPU
	EndGlobalSection
	GlobalSection(ProjectConfigurationPlatforms) = postSolution
		{73079FEF-5FCE-439E-B932-C587053DA770}.Debug|Any CPU.ActiveCfg = Debug|Any CPU
		{73079FEF-5FCE-439E-B932-C587053DA770}.Debug|Any CPU.Build.0 = Debug|Any CPU
		{73079FEF-5FCE-439E-B932-C587053DA770}.Release|Any CPU.ActiveCfg = Release|Any CPU
		{73079FEF-5FCE-439E-B932-C587053DA770}.Release|Any CPU.Build.0 = Release|Any CPU
		{07FAD98B-42B3-4794-ADAC-353D37C2FEC4}.Debug|Any CPU.ActiveCfg = Debug|Any CPU
		{07FAD98B-42B3-4794-ADAC-353D37C2FEC4}.Debug|Any CPU.Build.0 = Debug|Any CPU
		{07FAD98B-42B3-4794-ADAC-353D37C2FEC4}.Release|Any CPU.ActiveCfg = Release|Any CPU
		{07FAD98B-42B3-4794-ADAC-353D37C2FEC4}.Release|Any CPU.Build.0 = Release|Any CPU
		{63DE9D21-A5BF-415B-AAD7-129013B915C1}.Debug|Any CPU.ActiveCfg = Debug|Any CPU
		{63DE9D21-A5BF-415B-AAD7-129013B915C1}.Debug|Any CPU.Build.0 = Debug|Any CPU
		{63DE9D21-A5BF-415B-AAD7-129013B915C1}.Release|Any CPU.ActiveCfg = Release|Any CPU
		{63DE9D21-A5BF-415B-AAD7-129013B915C1}.Release|Any CPU.Build.0 = Release|Any CPU
		{C5E88E9E-5A4D-4FC4-A7F8-911A95EA2077}.Debug|Any CPU.ActiveCfg = Debug|Any CPU
		{C5E88E9E-5A4D-4FC4-A7F8-911A95EA2077}.Debug|Any CPU.Build.0 = Debug|Any CPU
		{C5E88E9E-5A4D-4FC4-A7F8-911A95EA2077}.Release|Any CPU.ActiveCfg = Release|Any CPU
		{C5E88E9E-5A4D-4FC4-A7F8-911A95EA2077}.Release|Any CPU.Build.0 = Release|Any CPU
		{49837285-91E6-4512-9142-7590233B51B5}.Debug|Any CPU.ActiveCfg = Debug|Any CPU
		{49837285-91E6-4512-9142-7590233B51B5}.Debug|Any CPU.Build.0 = Debug|Any CPU
		{49837285-91E6-4512-9142-7590233B51B5}.Release|Any CPU.ActiveCfg = Release|Any CPU
		{49837285-91E6-4512-9142-7590233B51B5}.Release|Any CPU.Build.0 = Release|Any CPU
	EndGlobalSection
	GlobalSection(SolutionProperties) = preSolution
		HideSolutionNode = FALSE
	EndGlobalSection
	GlobalSection(ExtensibilityGlobals) = postSolution
		SolutionGuid = {EFAB6078-5854-4B14-9387-DFFD49725E18}
	EndGlobalSection
EndGlobal
